
Microsoft Visual Studio Solution File, Format Version 12.00
# Visual Studio Version 17
VisualStudioVersion = 17.14.36327.8
MinimumVisualStudioVersion = 10.0.40219.1
Project("{8BC9CEB8-8B4A-11D0-8D11-00A0C91BC942}") = "00_01", "00_01\00_01.vcxproj", "{22DBC91B-7CEC-49DB-B94C-8D20535E1825}"
EndProject
Project("{8BC9CEB8-8B4A-11D0-8D11-00A0C91BC942}") = "01_01", "01_01\01_01.vcxproj", "{4C479C4F-FCBA-495E-9F07-61D1EB199CD4}"
EndProject
Project("{8BC9CEB8-8B4A-11D0-8D11-00A0C91BC942}") = "01_02", "01_02\01_02.vcxproj", "{0A7B1444-E454-411C-A985-547EA30E9B51}"
EndProject
Project("{8BC9CEB8-8B4A-11D0-8D11-00A0C91BC942}") = "02_02", "02_02\02_02.vcxproj", "{7D9B181A-B6DB-4E7F-B1E5-8E831534E46C}"
EndProject
Project("{8BC9CEB8-8B4A-11D0-8D11-00A0C91BC942}") = "02_03", "02_03\02_03.vcxproj", "{865C292C-A6AC-47BE-BA0E-4E6358011EDD}"
EndProject
Project("{8BC9CEB8-8B4A-11D0-8D11-00A0C91BC942}") = "03_03", "03_03\03_03.vcxproj", "{544DDBB6-5ED0-48B6-BFD1-5B4EA8C43EFD}"
EndProject
Project("{8BC9CEB8-8B4A-11D0-8D11-00A0C91BC942}") = "03_04", "03_04\03_04.vcxproj", "{BD824F48-A2F8-4430-85BB-E5C55FA48788}"
EndProject
Project("{8BC9CEB8-8B4A-11D0-8D11-00A0C91BC942}") = "02_04", "02_04\02-04.vcxproj", "{2AE3D2B4-042E-4243-B5F1-93A3ED08507B}"
EndProject
Project("{8BC9CEB8-8B4A-11D0-8D11-00A0C91BC942}") = "04_01", "04_01\04_01.vcxproj", "{1377819C-CD8E-4C0E-99E6-142FBDF18144}"
EndProject
Project("{8BC9CEB8-8B4A-11D0-8D11-00A0C91BC942}") = "02_01", "02_01\01_03.vcxproj", "{31599A77-3676-4E1A-B92E-088B818F29AC}"
EndProject
Project("{8BC9CEB8-8B4A-11D0-8D11-00A0C91BC942}") = "05_01", "05_01\05_01.vcxproj", "{3416E8B3-F98C-4F96-B7B5-F5D6901F5E91}"
EndProject
Project("{8BC9CEB8-8B4A-11D0-8D11-00A0C91BC942}") = "03_01", "03_01\03_01.vcxproj", "{E71A33BC-6D6F-4590-842B-E19C10C2C9FD}"
EndProject
Project("{8BC9CEB8-8B4A-11D0-8D11-00A0C91BC942}") = "03_02", "03_02\03_02.vcxproj", "{336A9F35-1C8E-40C1-81AE-29449B730FF5}"
EndProject
Project("{8BC9CEB8-8B4A-11D0-8D11-00A0C91BC942}") = "06_01", "06_01\06_01.vcxproj", "{26D80886-4AA1-4F5D-B926-A380D0DCBC3B}"
EndProject
Global
	GlobalSection(SolutionConfigurationPlatforms) = preSolution
		Debug|x64 = Debug|x64
		Debug|x86 = Debug|x86
		Release|x64 = Release|x64
		Release|x86 = Release|x86
	EndGlobalSection
	GlobalSection(ProjectConfigurationPlatforms) = postSolution
		{22DBC91B-7CEC-49DB-B94C-8D20535E1825}.Debug|x64.ActiveCfg = Debug|x64
		{22DBC91B-7CEC-49DB-B94C-8D20535E1825}.Debug|x64.Build.0 = Debug|x64
		{22DBC91B-7CEC-49DB-B94C-8D20535E1825}.Debug|x86.ActiveCfg = Debug|Win32
		{22DBC91B-7CEC-49DB-B94C-8D20535E1825}.Debug|x86.Build.0 = Debug|Win32
		{22DBC91B-7CEC-49DB-B94C-8D20535E1825}.Release|x64.ActiveCfg = Release|x64
		{22DBC91B-7CEC-49DB-B94C-8D20535E1825}.Release|x64.Build.0 = Release|x64
		{22DBC91B-7CEC-49DB-B94C-8D20535E1825}.Release|x86.ActiveCfg = Release|Win32
		{22DBC91B-7CEC-49DB-B94C-8D20535E1825}.Release|x86.Build.0 = Release|Win32
		{4C479C4F-FCBA-495E-9F07-61D1EB199CD4}.Debug|x64.ActiveCfg = Debug|x64
		{4C479C4F-FCBA-495E-9F07-61D1EB199CD4}.Debug|x64.Build.0 = Debug|x64
		{4C479C4F-FCBA-495E-9F07-61D1EB199CD4}.Debug|x86.ActiveCfg = Debug|Win32
		{4C479C4F-FCBA-495E-9F07-61D1EB199CD4}.Debug|x86.Build.0 = Debug|Win32
		{4C479C4F-FCBA-495E-9F07-61D1EB199CD4}.Release|x64.ActiveCfg = Release|x64
		{4C479C4F-FCBA-495E-9F07-61D1EB199CD4}.Release|x64.Build.0 = Release|x64
		{4C479C4F-FCBA-495E-9F07-61D1EB199CD4}.Release|x86.ActiveCfg = Release|Win32
		{4C479C4F-FCBA-495E-9F07-61D1EB199CD4}.Release|x86.Build.0 = Release|Win32
		{0A7B1444-E454-411C-A985-547EA30E9B51}.Debug|x64.ActiveCfg = Debug|x64
		{0A7B1444-E454-411C-A985-547EA30E9B51}.Debug|x64.Build.0 = Debug|x64
		{0A7B1444-E454-411C-A985-547EA30E9B51}.Debug|x86.ActiveCfg = Debug|Win32
		{0A7B1444-E454-411C-A985-547EA30E9B51}.Debug|x86.Build.0 = Debug|Win32
		{0A7B1444-E454-411C-A985-547EA30E9B51}.Release|x64.ActiveCfg = Release|x64
		{0A7B1444-E454-411C-A985-547EA30E9B51}.Release|x64.Build.0 = Release|x64
		{0A7B1444-E454-411C-A985-547EA30E9B51}.Release|x86.ActiveCfg = Release|Win32
		{0A7B1444-E454-411C-A985-547EA30E9B51}.Release|x86.Build.0 = Release|Win32
		{7D9B181A-B6DB-4E7F-B1E5-8E831534E46C}.Debug|x64.ActiveCfg = Debug|x64
		{7D9B181A-B6DB-4E7F-B1E5-8E831534E46C}.Debug|x64.Build.0 = Debug|x64
		{7D9B181A-B6DB-4E7F-B1E5-8E831534E46C}.Debug|x86.ActiveCfg = Debug|Win32
		{7D9B181A-B6DB-4E7F-B1E5-8E831534E46C}.Debug|x86.Build.0 = Debug|Win32
		{7D9B181A-B6DB-4E7F-B1E5-8E831534E46C}.Release|x64.ActiveCfg = Release|x64
		{7D9B181A-B6DB-4E7F-B1E5-8E831534E46C}.Release|x64.Build.0 = Release|x64
		{7D9B181A-B6DB-4E7F-B1E5-8E831534E46C}.Release|x86.ActiveCfg = Release|Win32
		{7D9B181A-B6DB-4E7F-B1E5-8E831534E46C}.Release|x86.Build.0 = Release|Win32
		{865C292C-A6AC-47BE-BA0E-4E6358011EDD}.Debug|x64.ActiveCfg = Debug|x64
		{865C292C-A6AC-47BE-BA0E-4E6358011EDD}.Debug|x64.Build.0 = Debug|x64
		{865C292C-A6AC-47BE-BA0E-4E6358011EDD}.Debug|x86.ActiveCfg = Debug|Win32
		{865C292C-A6AC-47BE-BA0E-4E6358011EDD}.Debug|x86.Build.0 = Debug|Win32
		{865C292C-A6AC-47BE-BA0E-4E6358011EDD}.Release|x64.ActiveCfg = Release|x64
		{865C292C-A6AC-47BE-BA0E-4E6358011EDD}.Release|x64.Build.0 = Release|x64
		{865C292C-A6AC-47BE-BA0E-4E6358011EDD}.Release|x86.ActiveCfg = Release|Win32
		{865C292C-A6AC-47BE-BA0E-4E6358011EDD}.Release|x86.Build.0 = Release|Win32
		{544DDBB6-5ED0-48B6-BFD1-5B4EA8C43EFD}.Debug|x64.ActiveCfg = Debug|x64
		{544DDBB6-5ED0-48B6-BFD1-5B4EA8C43EFD}.Debug|x64.Build.0 = Debug|x64
		{544DDBB6-5ED0-48B6-BFD1-5B4EA8C43EFD}.Debug|x86.ActiveCfg = Debug|Win32
		{544DDBB6-5ED0-48B6-BFD1-5B4EA8C43EFD}.Debug|x86.Build.0 = Debug|Win32
		{544DDBB6-5ED0-48B6-BFD1-5B4EA8C43EFD}.Release|x64.ActiveCfg = Release|x64
		{544DDBB6-5ED0-48B6-BFD1-5B4EA8C43EFD}.Release|x64.Build.0 = Release|x64
		{544DDBB6-5ED0-48B6-BFD1-5B4EA8C43EFD}.Release|x86.ActiveCfg = Release|Win32
		{544DDBB6-5ED0-48B6-BFD1-5B4EA8C43EFD}.Release|x86.Build.0 = Release|Win32
		{BD824F48-A2F8-4430-85BB-E5C55FA48788}.Debug|x64.ActiveCfg = Debug|x64
		{BD824F48-A2F8-4430-85BB-E5C55FA48788}.Debug|x64.Build.0 = Debug|x64
		{BD824F48-A2F8-4430-85BB-E5C55FA48788}.Debug|x86.ActiveCfg = Debug|Win32
		{BD824F48-A2F8-4430-85BB-E5C55FA48788}.Debug|x86.Build.0 = Debug|Win32
		{BD824F48-A2F8-4430-85BB-E5C55FA48788}.Release|x64.ActiveCfg = Release|x64
		{BD824F48-A2F8-4430-85BB-E5C55FA48788}.Release|x64.Build.0 = Release|x64
		{BD824F48-A2F8-4430-85BB-E5C55FA48788}.Release|x86.ActiveCfg = Release|Win32
		{BD824F48-A2F8-4430-85BB-E5C55FA48788}.Release|x86.Build.0 = Release|Win32
		{2AE3D2B4-042E-4243-B5F1-93A3ED08507B}.Debug|x64.ActiveCfg = Debug|x64
		{2AE3D2B4-042E-4243-B5F1-93A3ED08507B}.Debug|x64.Build.0 = Debug|x64
		{2AE3D2B4-042E-4243-B5F1-93A3ED08507B}.Debug|x86.ActiveCfg = Debug|Win32
		{2AE3D2B4-042E-4243-B5F1-93A3ED08507B}.Debug|x86.Build.0 = Debug|Win32
		{2AE3D2B4-042E-4243-B5F1-93A3ED08507B}.Release|x64.ActiveCfg = Release|x64
		{2AE3D2B4-042E-4243-B5F1-93A3ED08507B}.Release|x64.Build.0 = Release|x64
		{2AE3D2B4-042E-4243-B5F1-93A3ED08507B}.Release|x86.ActiveCfg = Release|Win32
		{2AE3D2B4-042E-4243-B5F1-93A3ED08507B}.Release|x86.Build.0 = Release|Win32
		{1377819C-CD8E-4C0E-99E6-142FBDF18144}.Debug|x64.ActiveCfg = Debug|x64
		{1377819C-CD8E-4C0E-99E6-142FBDF18144}.Debug|x64.Build.0 = Debug|x64
		{1377819C-CD8E-4C0E-99E6-142FBDF18144}.Debug|x86.ActiveCfg = Debug|x64
		{1377819C-CD8E-4C0E-99E6-142FBDF18144}.Debug|x86.Build.0 = Debug|x64
		{1377819C-CD8E-4C0E-99E6-142FBDF18144}.Release|x64.ActiveCfg = Release|x64
		{1377819C-CD8E-4C0E-99E6-142FBDF18144}.Release|x64.Build.0 = Release|x64
		{1377819C-CD8E-4C0E-99E6-142FBDF18144}.Release|x86.ActiveCfg = Release|x64
		{1377819C-CD8E-4C0E-99E6-142FBDF18144}.Release|x86.Build.0 = Release|x64
		{31599A77-3676-4E1A-B92E-088B818F29AC}.Debug|x64.ActiveCfg = Debug|x64
		{31599A77-3676-4E1A-B92E-088B818F29AC}.Debug|x64.Build.0 = Debug|x64
		{31599A77-3676-4E1A-B92E-088B818F29AC}.Debug|x86.ActiveCfg = Debug|Win32
		{31599A77-3676-4E1A-B92E-088B818F29AC}.Debug|x86.Build.0 = Debug|Win32
		{31599A77-3676-4E1A-B92E-088B818F29AC}.Release|x64.ActiveCfg = Release|x64
		{31599A77-3676-4E1A-B92E-088B818F29AC}.Release|x64.Build.0 = Release|x64
		{31599A77-3676-4E1A-B92E-088B818F29AC}.Release|x86.ActiveCfg = Release|Win32
		{31599A77-3676-4E1A-B92E-088B818F29AC}.Release|x86.Build.0 = Release|Win32
		{3416E8B3-F98C-4F96-B7B5-F5D6901F5E91}.Debug|x64.ActiveCfg = Debug|x64
		{3416E8B3-F98C-4F96-B7B5-F5D6901F5E91}.Debug|x64.Build.0 = Debug|x64
		{3416E8B3-F98C-4F96-B7B5-F5D6901F5E91}.Debug|x86.ActiveCfg = Debug|x64
		{3416E8B3-F98C-4F96-B7B5-F5D6901F5E91}.Debug|x86.Build.0 = Debug|x64
		{3416E8B3-F98C-4F96-B7B5-F5D6901F5E91}.Release|x64.ActiveCfg = Release|x64
		{3416E8B3-F98C-4F96-B7B5-F5D6901F5E91}.Release|x64.Build.0 = Release|x64
		{3416E8B3-F98C-4F96-B7B5-F5D6901F5E91}.Release|x86.ActiveCfg = Release|x64
		{3416E8B3-F98C-4F96-B7B5-F5D6901F5E91}.Release|x86.Build.0 = Release|x64
		{E71A33BC-6D6F-4590-842B-E19C10C2C9FD}.Debug|x64.ActiveCfg = Debug|x64
		{E71A33BC-6D6F-4590-842B-E19C10C2C9FD}.Debug|x64.Build.0 = Debug|x64
		{E71A33BC-6D6F-4590-842B-E19C10C2C9FD}.Debug|x86.ActiveCfg = Debug|Win32
		{E71A33BC-6D6F-4590-842B-E19C10C2C9FD}.Debug|x86.Build.0 = Debug|Win32
		{E71A33BC-6D6F-4590-842B-E19C10C2C9FD}.Release|x64.ActiveCfg = Release|x64
		{E71A33BC-6D6F-4590-842B-E19C10C2C9FD}.Release|x64.Build.0 = Release|x64
		{E71A33BC-6D6F-4590-842B-E19C10C2C9FD}.Release|x86.ActiveCfg = Release|Win32
		{E71A33BC-6D6F-4590-842B-E19C10C2C9FD}.Release|x86.Build.0 = Release|Win32
		{336A9F35-1C8E-40C1-81AE-29449B730FF5}.Debug|x64.ActiveCfg = Debug|x64
		{336A9F35-1C8E-40C1-81AE-29449B730FF5}.Debug|x64.Build.0 = Debug|x64
		{336A9F35-1C8E-40C1-81AE-29449B730FF5}.Debug|x86.ActiveCfg = Debug|Win32
		{336A9F35-1C8E-40C1-81AE-29449B730FF5}.Debug|x86.Build.0 = Debug|Win32
		{336A9F35-1C8E-40C1-81AE-29449B730FF5}.Release|x64.ActiveCfg = Release|x64
		{336A9F35-1C8E-40C1-81AE-29449B730FF5}.Release|x64.Build.0 = Release|x64
		{336A9F35-1C8E-40C1-81AE-29449B730FF5}.Release|x86.ActiveCfg = Release|Win32
		{336A9F35-1C8E-40C1-81AE-29449B730FF5}.Release|x86.Build.0 = Release|Win32
		{26D80886-4AA1-4F5D-B926-A380D0DCBC3B}.Debug|x64.ActiveCfg = Debug|x64
		{26D80886-4AA1-4F5D-B926-A380D0DCBC3B}.Debug|x64.Build.0 = Debug|x64
		{26D80886-4AA1-4F5D-B926-A380D0DCBC3B}.Debug|x86.ActiveCfg = Debug|Win32
		{26D80886-4AA1-4F5D-B926-A380D0DCBC3B}.Debug|x86.Build.0 = Debug|Win32
		{26D80886-4AA1-4F5D-B926-A380D0DCBC3B}.Release|x64.ActiveCfg = Release|x64
		{26D80886-4AA1-4F5D-B926-A380D0DCBC3B}.Release|x64.Build.0 = Release|x64
		{26D80886-4AA1-4F5D-B926-A380D0DCBC3B}.Release|x86.ActiveCfg = Release|Win32
		{26D80886-4AA1-4F5D-B926-A380D0DCBC3B}.Release|x86.Build.0 = Release|Win32
	EndGlobalSection
	GlobalSection(SolutionProperties) = preSolution
		HideSolutionNode = FALSE
	EndGlobalSection
	GlobalSection(ExtensibilityGlobals) = postSolution
		SolutionGuid = {E7C07C99-974C-47A8-91FC-EF8745A51006}
	EndGlobalSection
EndGlobal
